
Microsoft Visual Studio Solution File, Format Version 12.00
# Visual Studio 15
VisualStudioVersion = 15.0.28010.2016
MinimumVisualStudioVersion = 10.0.40219.1
Project("{8BC9CEB8-8B4A-11D0-8D11-00A0C91BC942}") = "Pokazivaci", "Pokazivaci\Pokazivaci.vcxproj", "{F00B458B-19EF-4DBA-9CC2-EBA57A10E79B}"
EndProject
Project("{8BC9CEB8-8B4A-11D0-8D11-00A0C91BC942}") = "Datum", "Datum\Datum.vcxproj", "{C57FC0B1-D3D9-4ABB-88F8-C0CC1CB6C738}"
EndProject
Project("{8BC9CEB8-8B4A-11D0-8D11-00A0C91BC942}") = "DvodimenzionalnoPolje", "DvodimenzionalnoPolje\DvodimenzionalnoPolje.vcxproj", "{1C66E349-3181-4CD5-A6D7-1E8AAC1D1CCC}"
EndProject
Project("{8BC9CEB8-8B4A-11D0-8D11-00A0C91BC942}") = "Datoteke", "Datoteke\Datoteke.vcxproj", "{0FF6B530-9646-4EFE-B8CD-23541F997FA5}"
EndProject
Project("{8BC9CEB8-8B4A-11D0-8D11-00A0C91BC942}") = "Porez", "Porez\Porez.vcxproj", "{DC346D9F-4430-496F-9AB3-151237A0E7BB}"
EndProject
Project("{8BC9CEB8-8B4A-11D0-8D11-00A0C91BC942}") = "DvostrukiPokazivaci", "DvostrukiPokazivaci\DvostrukiPokazivaci.vcxproj", "{6BD5DBD0-B088-4B1D-9A5A-AD9FBA97C18C}"
EndProject
Project("{8BC9CEB8-8B4A-11D0-8D11-00A0C91BC942}") = "Rekurzija", "Rekurzija\Rekurzija.vcxproj", "{F7783C67-7535-4E1E-8E93-B7BE87B3E2E9}"
EndProject
Project("{8BC9CEB8-8B4A-11D0-8D11-00A0C91BC942}") = "RasprsenoAdresiranje", "RasprsenoAdresiranje\RasprsenoAdresiranje.vcxproj", "{2EBDFB52-CBDD-4545-9A70-16A50A8D0DB9}"
EndProject
Global
	GlobalSection(SolutionConfigurationPlatforms) = preSolution
		Debug|x64 = Debug|x64
		Debug|x86 = Debug|x86
		Release|x64 = Release|x64
		Release|x86 = Release|x86
	EndGlobalSection
	GlobalSection(ProjectConfigurationPlatforms) = postSolution
		{F00B458B-19EF-4DBA-9CC2-EBA57A10E79B}.Debug|x64.ActiveCfg = Debug|x64
		{F00B458B-19EF-4DBA-9CC2-EBA57A10E79B}.Debug|x64.Build.0 = Debug|x64
		{F00B458B-19EF-4DBA-9CC2-EBA57A10E79B}.Debug|x86.ActiveCfg = Debug|Win32
		{F00B458B-19EF-4DBA-9CC2-EBA57A10E79B}.Debug|x86.Build.0 = Debug|Win32
		{F00B458B-19EF-4DBA-9CC2-EBA57A10E79B}.Release|x64.ActiveCfg = Release|x64
		{F00B458B-19EF-4DBA-9CC2-EBA57A10E79B}.Release|x64.Build.0 = Release|x64
		{F00B458B-19EF-4DBA-9CC2-EBA57A10E79B}.Release|x86.ActiveCfg = Release|Win32
		{F00B458B-19EF-4DBA-9CC2-EBA57A10E79B}.Release|x86.Build.0 = Release|Win32
		{C57FC0B1-D3D9-4ABB-88F8-C0CC1CB6C738}.Debug|x64.ActiveCfg = Debug|x64
		{C57FC0B1-D3D9-4ABB-88F8-C0CC1CB6C738}.Debug|x64.Build.0 = Debug|x64
		{C57FC0B1-D3D9-4ABB-88F8-C0CC1CB6C738}.Debug|x86.ActiveCfg = Debug|Win32
		{C57FC0B1-D3D9-4ABB-88F8-C0CC1CB6C738}.Debug|x86.Build.0 = Debug|Win32
		{C57FC0B1-D3D9-4ABB-88F8-C0CC1CB6C738}.Release|x64.ActiveCfg = Release|x64
		{C57FC0B1-D3D9-4ABB-88F8-C0CC1CB6C738}.Release|x64.Build.0 = Release|x64
		{C57FC0B1-D3D9-4ABB-88F8-C0CC1CB6C738}.Release|x86.ActiveCfg = Release|Win32
		{C57FC0B1-D3D9-4ABB-88F8-C0CC1CB6C738}.Release|x86.Build.0 = Release|Win32
		{1C66E349-3181-4CD5-A6D7-1E8AAC1D1CCC}.Debug|x64.ActiveCfg = Debug|x64
		{1C66E349-3181-4CD5-A6D7-1E8AAC1D1CCC}.Debug|x64.Build.0 = Debug|x64
		{1C66E349-3181-4CD5-A6D7-1E8AAC1D1CCC}.Debug|x86.ActiveCfg = Debug|Win32
		{1C66E349-3181-4CD5-A6D7-1E8AAC1D1CCC}.Debug|x86.Build.0 = Debug|Win32
		{1C66E349-3181-4CD5-A6D7-1E8AAC1D1CCC}.Release|x64.ActiveCfg = Release|x64
		{1C66E349-3181-4CD5-A6D7-1E8AAC1D1CCC}.Release|x64.Build.0 = Release|x64
		{1C66E349-3181-4CD5-A6D7-1E8AAC1D1CCC}.Release|x86.ActiveCfg = Release|Win32
		{1C66E349-3181-4CD5-A6D7-1E8AAC1D1CCC}.Release|x86.Build.0 = Release|Win32
		{0FF6B530-9646-4EFE-B8CD-23541F997FA5}.Debug|x64.ActiveCfg = Debug|x64
		{0FF6B530-9646-4EFE-B8CD-23541F997FA5}.Debug|x64.Build.0 = Debug|x64
		{0FF6B530-9646-4EFE-B8CD-23541F997FA5}.Debug|x86.ActiveCfg = Debug|Win32
		{0FF6B530-9646-4EFE-B8CD-23541F997FA5}.Debug|x86.Build.0 = Debug|Win32
		{0FF6B530-9646-4EFE-B8CD-23541F997FA5}.Release|x64.ActiveCfg = Release|x64
		{0FF6B530-9646-4EFE-B8CD-23541F997FA5}.Release|x64.Build.0 = Release|x64
		{0FF6B530-9646-4EFE-B8CD-23541F997FA5}.Release|x86.ActiveCfg = Release|Win32
		{0FF6B530-9646-4EFE-B8CD-23541F997FA5}.Release|x86.Build.0 = Release|Win32
		{DC346D9F-4430-496F-9AB3-151237A0E7BB}.Debug|x64.ActiveCfg = Debug|x64
		{DC346D9F-4430-496F-9AB3-151237A0E7BB}.Debug|x64.Build.0 = Debug|x64
		{DC346D9F-4430-496F-9AB3-151237A0E7BB}.Debug|x86.ActiveCfg = Debug|Win32
		{DC346D9F-4430-496F-9AB3-151237A0E7BB}.Debug|x86.Build.0 = Debug|Win32
		{DC346D9F-4430-496F-9AB3-151237A0E7BB}.Release|x64.ActiveCfg = Release|x64
		{DC346D9F-4430-496F-9AB3-151237A0E7BB}.Release|x64.Build.0 = Release|x64
		{DC346D9F-4430-496F-9AB3-151237A0E7BB}.Release|x86.ActiveCfg = Release|Win32
		{DC346D9F-4430-496F-9AB3-151237A0E7BB}.Release|x86.Build.0 = Release|Win32
		{6BD5DBD0-B088-4B1D-9A5A-AD9FBA97C18C}.Debug|x64.ActiveCfg = Debug|x64
		{6BD5DBD0-B088-4B1D-9A5A-AD9FBA97C18C}.Debug|x64.Build.0 = Debug|x64
		{6BD5DBD0-B088-4B1D-9A5A-AD9FBA97C18C}.Debug|x86.ActiveCfg = Debug|Win32
		{6BD5DBD0-B088-4B1D-9A5A-AD9FBA97C18C}.Debug|x86.Build.0 = Debug|Win32
		{6BD5DBD0-B088-4B1D-9A5A-AD9FBA97C18C}.Release|x64.ActiveCfg = Release|x64
		{6BD5DBD0-B088-4B1D-9A5A-AD9FBA97C18C}.Release|x64.Build.0 = Release|x64
		{6BD5DBD0-B088-4B1D-9A5A-AD9FBA97C18C}.Release|x86.ActiveCfg = Release|Win32
		{6BD5DBD0-B088-4B1D-9A5A-AD9FBA97C18C}.Release|x86.Build.0 = Release|Win32
		{F7783C67-7535-4E1E-8E93-B7BE87B3E2E9}.Debug|x64.ActiveCfg = Debug|x64
		{F7783C67-7535-4E1E-8E93-B7BE87B3E2E9}.Debug|x64.Build.0 = Debug|x64
		{F7783C67-7535-4E1E-8E93-B7BE87B3E2E9}.Debug|x86.ActiveCfg = Debug|Win32
		{F7783C67-7535-4E1E-8E93-B7BE87B3E2E9}.Debug|x86.Build.0 = Debug|Win32
		{F7783C67-7535-4E1E-8E93-B7BE87B3E2E9}.Release|x64.ActiveCfg = Release|x64
		{F7783C67-7535-4E1E-8E93-B7BE87B3E2E9}.Release|x64.Build.0 = Release|x64
		{F7783C67-7535-4E1E-8E93-B7BE87B3E2E9}.Release|x86.ActiveCfg = Release|Win32
		{F7783C67-7535-4E1E-8E93-B7BE87B3E2E9}.Release|x86.Build.0 = Release|Win32
		{2EBDFB52-CBDD-4545-9A70-16A50A8D0DB9}.Debug|x64.ActiveCfg = Debug|x64
		{2EBDFB52-CBDD-4545-9A70-16A50A8D0DB9}.Debug|x64.Build.0 = Debug|x64
		{2EBDFB52-CBDD-4545-9A70-16A50A8D0DB9}.Debug|x86.ActiveCfg = Debug|Win32
		{2EBDFB52-CBDD-4545-9A70-16A50A8D0DB9}.Debug|x86.Build.0 = Debug|Win32
		{2EBDFB52-CBDD-4545-9A70-16A50A8D0DB9}.Release|x64.ActiveCfg = Release|x64
		{2EBDFB52-CBDD-4545-9A70-16A50A8D0DB9}.Release|x64.Build.0 = Release|x64
		{2EBDFB52-CBDD-4545-9A70-16A50A8D0DB9}.Release|x86.ActiveCfg = Release|Win32
		{2EBDFB52-CBDD-4545-9A70-16A50A8D0DB9}.Release|x86.Build.0 = Release|Win32
	EndGlobalSection
	GlobalSection(SolutionProperties) = preSolution
		HideSolutionNode = FALSE
	EndGlobalSection
	GlobalSection(ExtensibilityGlobals) = postSolution
		SolutionGuid = {21A12C65-5081-472E-8667-DD5002C6A811}
	EndGlobalSection
EndGlobal
